{
  "name": "@rxrc/archrc",
  "version": "2.0.0",
  "lockfileVersion": 1,
  "requires": true,
  "dependencies": {
    "@rxrc/curator": {
      "version": "1.0.0-rc.0",
      "resolved": "https://registry.npmjs.org/@rxrc/curator/-/curator-1.0.0-rc.0.tgz",
      "integrity": "sha512-ayyn8iLCWTOfUeQ09SzBRuncMoJvbJ/IjqXpAWaBsFUn5WR1VYOAqmLad5SShqGoRl1WnRgIMouuDc0udn3TSw==",
      "dev": true
    },
    "@rxrc/systemd-units": {
      "version": "2.1.2",
      "resolved": "https://registry.npmjs.org/@rxrc/systemd-units/-/systemd-units-2.1.2.tgz",
      "integrity": "sha512-KVUPyjA3Nn8Wj0kNJFyKhk9lAmeHsJEg1+CJerBPUBF5IuMX2z6spwNbDfQNBsxZNKLss4MBDKeDnywHYHaCgg=="
    }
  }
}
