{
  "name": "@rxrc/archrc",
  "version": "2.0.0",
  "lockfileVersion": 2,
  "requires": true,
  "packages": {
    "": {
      "name": "@rxrc/archrc",
      "version": "2.0.0",
      "license": "MIT",
      "dependencies": {
        "@rxrc/archrc-private": "github:rxrc/archrc-private#v1.8.3",
        "@rxrc/archutil": "^1.2.6",
        "@rxrc/systemd-units": "^2.1.7"
      },
      "devDependencies": {
        "@rxrc/curator": "^1.0.3"
      }
    },
    "node_modules/@rxrc/archrc-private": {
      "version": "1.8.3",
      "resolved": "git+ssh://git@github.com/rxrc/archrc-private.git#5a7cdb4aa9b1281c61654961ca4f91ab708ee13d",
      "license": "UNLICENSED"
    },
    "node_modules/@rxrc/archutil": {
      "version": "1.2.6",
      "resolved": "https://registry.npmjs.org/@rxrc/archutil/-/archutil-1.2.6.tgz",
      "integrity": "sha512-TZ9ZEJTjlebd9Xt0CaBbKLK6fLwjL5IbF/Wx2NoSzreBRUcpjC83qGqreeQFyWzyLLAnR8jk44UjsxQiJFFdCw=="
    },
    "node_modules/@rxrc/curator": {
      "version": "1.1.0",
      "resolved": "https://registry.npmjs.org/@rxrc/curator/-/curator-1.1.0.tgz",
      "integrity": "sha512-F+CPiNNsaFygC92iC2HxzK3jKkpgFIISrzUl27FVP2hQ5V3M31kXEkEd9HaaxV5oFEBqLSMuMDScOeKsz0h2pw==",
      "dev": true,
      "bin": {
        "curator": "bin/curator.js"
      },
      "engines": {
        "node": ">=8.9.0"
      }
    },
    "node_modules/@rxrc/systemd-units": {
      "version": "2.1.7",
      "resolved": "https://registry.npmjs.org/@rxrc/systemd-units/-/systemd-units-2.1.7.tgz",
      "integrity": "sha512-D+SXyzGNEVwUweRuHFIGA9I9r2fiKyS5z12jhO1a+C7RRtnFP4cvuRn+0xIhauZWB5Etmjf9zkMtOXtBZgPXCQ=="
    }
  },
  "dependencies": {
    "@rxrc/archrc-private": {
      "version": "git+ssh://git@github.com/rxrc/archrc-private.git#5a7cdb4aa9b1281c61654961ca4f91ab708ee13d",
      "from": "@rxrc/archrc-private@github:rxrc/archrc-private#v1.8.3"
    },
    "@rxrc/archutil": {
      "version": "1.2.6",
      "resolved": "https://registry.npmjs.org/@rxrc/archutil/-/archutil-1.2.6.tgz",
      "integrity": "sha512-TZ9ZEJTjlebd9Xt0CaBbKLK6fLwjL5IbF/Wx2NoSzreBRUcpjC83qGqreeQFyWzyLLAnR8jk44UjsxQiJFFdCw=="
    },
    "@rxrc/curator": {
      "version": "1.1.0",
      "resolved": "https://registry.npmjs.org/@rxrc/curator/-/curator-1.1.0.tgz",
      "integrity": "sha512-F+CPiNNsaFygC92iC2HxzK3jKkpgFIISrzUl27FVP2hQ5V3M31kXEkEd9HaaxV5oFEBqLSMuMDScOeKsz0h2pw==",
      "dev": true
    },
    "@rxrc/systemd-units": {
      "version": "2.1.7",
      "resolved": "https://registry.npmjs.org/@rxrc/systemd-units/-/systemd-units-2.1.7.tgz",
      "integrity": "sha512-D+SXyzGNEVwUweRuHFIGA9I9r2fiKyS5z12jhO1a+C7RRtnFP4cvuRn+0xIhauZWB5Etmjf9zkMtOXtBZgPXCQ=="
    }
  }
}
