{
  "name": "@rxrc/archrc",
  "version": "2.0.0",
  "lockfileVersion": 1,
  "requires": true,
  "dependencies": {
    "@razor-x/archutil": {
      "version": "github:razor-x/archutil#6d0331f3733b4eb2b84c452328e11296b9474522"
    },
    "@rxrc/archrc-private": {
      "version": "bitbucket:razorx/archrc-private#ae1c7f4c4e829d30930f3eaad327ae0759abfbba"
    },
    "@rxrc/curator": {
      "version": "0.3.0",
      "resolved": "https://registry.npmjs.org/@rxrc/curator/-/curator-0.3.0.tgz",
      "integrity": "sha512-yBwdTXtMJWwYutaf1pK7f7q7/PWKO9VS9UOa8Z93gGxPAvVV047VA5+MBFoHj+iJZnVt48j9M4bBTQC2FKsBWw==",
      "dev": true
    },
    "@rxrc/systemd-units": {
      "version": "2.1.2",
      "resolved": "https://registry.npmjs.org/@rxrc/systemd-units/-/systemd-units-2.1.2.tgz",
      "integrity": "sha512-KVUPyjA3Nn8Wj0kNJFyKhk9lAmeHsJEg1+CJerBPUBF5IuMX2z6spwNbDfQNBsxZNKLss4MBDKeDnywHYHaCgg=="
    }
  }
}
