# THIS IS AN AUTOGENERATED FILE. DO NOT EDIT THIS FILE DIRECTLY.
# yarn lockfile v1


"@razor-x/archutil@razor-x/archutil":
  version "1.2.0"
  resolved "https://codeload.github.com/razor-x/archutil/tar.gz/6d0331f3733b4eb2b84c452328e11296b9474522"

"@rxrc/archrc-private@bitbucket.org:razorx/archrc-private.git":
  version "1.4.0"
  resolved "bitbucket.org:razorx/archrc-private.git#be642797974105917ba93f134985aabf148a2406"

"@rxrc/systemd-units@rxrc/systemd-units":
  version "2.1.0"
  resolved "https://codeload.github.com/rxrc/systemd-units/tar.gz/d6a643718e5798507b91dc0e2d0879316750163d"
